
Microsoft Visual Studio Solution File, Format Version 12.00
# Visual Studio Version 17
VisualStudioVersion = 17.10.35122.118
MinimumVisualStudioVersion = 10.0.40219.1
Project("{FAE04EC0-301F-11D3-BF4B-00C04F79EFBC}") = "Club manager", "Club manager.csproj", "{12B7589C-F9E4-4898-BEB9-2F76829E7FCE}"
EndProject
Global
	GlobalSection(SolutionConfigurationPlatforms) = preSolution
		Debug|Any CPU = Debug|Any CPU
		Release|Any CPU = Release|Any CPU
	EndGlobalSection
	GlobalSection(ProjectConfigurationPlatforms) = postSolution
		{12B7589C-F9E4-4898-BEB9-2F76829E7FCE}.Debug|Any CPU.ActiveCfg = Debug|Any CPU
		{12B7589C-F9E4-4898-BEB9-2F76829E7FCE}.Debug|Any CPU.Build.0 = Debug|Any CPU
		{12B7589C-F9E4-4898-BEB9-2F76829E7FCE}.Release|Any CPU.ActiveCfg = Release|Any CPU
		{12B7589C-F9E4-4898-BEB9-2F76829E7FCE}.Release|Any CPU.Build.0 = Release|Any CPU
	EndGlobalSection
	GlobalSection(SolutionProperties) = preSolution
		HideSolutionNode = FALSE
	EndGlobalSection
	GlobalSection(ExtensibilityGlobals) = postSolution
		SolutionGuid = {460FA516-D940-4558-BCF7-DF9BCA479C2B}
	EndGlobalSection
EndGlobal
